
Microsoft Visual Studio Solution File, Format Version 12.00
# Visual Studio Version 16
VisualStudioVersion = 16.0.30114.105
MinimumVisualStudioVersion = 10.0.40219.1
Project("{FAE04EC0-301F-11D3-BF4B-00C04F79EFBC}") = "BezTemp.API", "BezTemp.API\BezTemp.API.csproj", "{4B046D35-995B-41EA-A3E4-DF02FA1CE55E}"
EndProject
Project("{FAE04EC0-301F-11D3-BF4B-00C04F79EFBC}") = "BezTemp.Service", "BezTemp.Service\BezTemp.Service.csproj", "{DF672B9C-D23F-416F-99FA-CDA3EC956D41}"
EndProject
Project("{FAE04EC0-301F-11D3-BF4B-00C04F79EFBC}") = "BezTemp.Test", "BezTemp.Test\BezTemp.Test.csproj", "{E9B83C26-D1A1-4CC7-83C4-BBBC7A22C615}"
EndProject
Project("{FAE04EC0-301F-11D3-BF4B-00C04F79EFBC}") = "BezTemp.Data", "BezTemp.Data\BezTemp.Data.csproj", "{65A71729-7178-4BE8-991A-D9A1D8C74959}"
EndProject
Global
	GlobalSection(SolutionConfigurationPlatforms) = preSolution
		Debug|Any CPU = Debug|Any CPU
		Debug|x64 = Debug|x64
		Debug|x86 = Debug|x86
		Release|Any CPU = Release|Any CPU
		Release|x64 = Release|x64
		Release|x86 = Release|x86
	EndGlobalSection
	GlobalSection(SolutionProperties) = preSolution
		HideSolutionNode = FALSE
	EndGlobalSection
	GlobalSection(ProjectConfigurationPlatforms) = postSolution
		{4B046D35-995B-41EA-A3E4-DF02FA1CE55E}.Debug|Any CPU.ActiveCfg = Debug|Any CPU
		{4B046D35-995B-41EA-A3E4-DF02FA1CE55E}.Debug|Any CPU.Build.0 = Debug|Any CPU
		{4B046D35-995B-41EA-A3E4-DF02FA1CE55E}.Debug|x64.ActiveCfg = Debug|Any CPU
		{4B046D35-995B-41EA-A3E4-DF02FA1CE55E}.Debug|x64.Build.0 = Debug|Any CPU
		{4B046D35-995B-41EA-A3E4-DF02FA1CE55E}.Debug|x86.ActiveCfg = Debug|Any CPU
		{4B046D35-995B-41EA-A3E4-DF02FA1CE55E}.Debug|x86.Build.0 = Debug|Any CPU
		{4B046D35-995B-41EA-A3E4-DF02FA1CE55E}.Release|Any CPU.ActiveCfg = Release|Any CPU
		{4B046D35-995B-41EA-A3E4-DF02FA1CE55E}.Release|Any CPU.Build.0 = Release|Any CPU
		{4B046D35-995B-41EA-A3E4-DF02FA1CE55E}.Release|x64.ActiveCfg = Release|Any CPU
		{4B046D35-995B-41EA-A3E4-DF02FA1CE55E}.Release|x64.Build.0 = Release|Any CPU
		{4B046D35-995B-41EA-A3E4-DF02FA1CE55E}.Release|x86.ActiveCfg = Release|Any CPU
		{4B046D35-995B-41EA-A3E4-DF02FA1CE55E}.Release|x86.Build.0 = Release|Any CPU
		{DF672B9C-D23F-416F-99FA-CDA3EC956D41}.Debug|Any CPU.ActiveCfg = Debug|Any CPU
		{DF672B9C-D23F-416F-99FA-CDA3EC956D41}.Debug|Any CPU.Build.0 = Debug|Any CPU
		{DF672B9C-D23F-416F-99FA-CDA3EC956D41}.Debug|x64.ActiveCfg = Debug|Any CPU
		{DF672B9C-D23F-416F-99FA-CDA3EC956D41}.Debug|x64.Build.0 = Debug|Any CPU
		{DF672B9C-D23F-416F-99FA-CDA3EC956D41}.Debug|x86.ActiveCfg = Debug|Any CPU
		{DF672B9C-D23F-416F-99FA-CDA3EC956D41}.Debug|x86.Build.0 = Debug|Any CPU
		{DF672B9C-D23F-416F-99FA-CDA3EC956D41}.Release|Any CPU.ActiveCfg = Release|Any CPU
		{DF672B9C-D23F-416F-99FA-CDA3EC956D41}.Release|Any CPU.Build.0 = Release|Any CPU
		{DF672B9C-D23F-416F-99FA-CDA3EC956D41}.Release|x64.ActiveCfg = Release|Any CPU
		{DF672B9C-D23F-416F-99FA-CDA3EC956D41}.Release|x64.Build.0 = Release|Any CPU
		{DF672B9C-D23F-416F-99FA-CDA3EC956D41}.Release|x86.ActiveCfg = Release|Any CPU
		{DF672B9C-D23F-416F-99FA-CDA3EC956D41}.Release|x86.Build.0 = Release|Any CPU
		{E9B83C26-D1A1-4CC7-83C4-BBBC7A22C615}.Debug|Any CPU.ActiveCfg = Debug|Any CPU
		{E9B83C26-D1A1-4CC7-83C4-BBBC7A22C615}.Debug|Any CPU.Build.0 = Debug|Any CPU
		{E9B83C26-D1A1-4CC7-83C4-BBBC7A22C615}.Debug|x64.ActiveCfg = Debug|Any CPU
		{E9B83C26-D1A1-4CC7-83C4-BBBC7A22C615}.Debug|x64.Build.0 = Debug|Any CPU
		{E9B83C26-D1A1-4CC7-83C4-BBBC7A22C615}.Debug|x86.ActiveCfg = Debug|Any CPU
		{E9B83C26-D1A1-4CC7-83C4-BBBC7A22C615}.Debug|x86.Build.0 = Debug|Any CPU
		{E9B83C26-D1A1-4CC7-83C4-BBBC7A22C615}.Release|Any CPU.ActiveCfg = Release|Any CPU
		{E9B83C26-D1A1-4CC7-83C4-BBBC7A22C615}.Release|Any CPU.Build.0 = Release|Any CPU
		{E9B83C26-D1A1-4CC7-83C4-BBBC7A22C615}.Release|x64.ActiveCfg = Release|Any CPU
		{E9B83C26-D1A1-4CC7-83C4-BBBC7A22C615}.Release|x64.Build.0 = Release|Any CPU
		{E9B83C26-D1A1-4CC7-83C4-BBBC7A22C615}.Release|x86.ActiveCfg = Release|Any CPU
		{E9B83C26-D1A1-4CC7-83C4-BBBC7A22C615}.Release|x86.Build.0 = Release|Any CPU
		{65A71729-7178-4BE8-991A-D9A1D8C74959}.Debug|Any CPU.ActiveCfg = Debug|Any CPU
		{65A71729-7178-4BE8-991A-D9A1D8C74959}.Debug|Any CPU.Build.0 = Debug|Any CPU
		{65A71729-7178-4BE8-991A-D9A1D8C74959}.Debug|x64.ActiveCfg = Debug|Any CPU
		{65A71729-7178-4BE8-991A-D9A1D8C74959}.Debug|x64.Build.0 = Debug|Any CPU
		{65A71729-7178-4BE8-991A-D9A1D8C74959}.Debug|x86.ActiveCfg = Debug|Any CPU
		{65A71729-7178-4BE8-991A-D9A1D8C74959}.Debug|x86.Build.0 = Debug|Any CPU
		{65A71729-7178-4BE8-991A-D9A1D8C74959}.Release|Any CPU.ActiveCfg = Release|Any CPU
		{65A71729-7178-4BE8-991A-D9A1D8C74959}.Release|Any CPU.Build.0 = Release|Any CPU
		{65A71729-7178-4BE8-991A-D9A1D8C74959}.Release|x64.ActiveCfg = Release|Any CPU
		{65A71729-7178-4BE8-991A-D9A1D8C74959}.Release|x64.Build.0 = Release|Any CPU
		{65A71729-7178-4BE8-991A-D9A1D8C74959}.Release|x86.ActiveCfg = Release|Any CPU
		{65A71729-7178-4BE8-991A-D9A1D8C74959}.Release|x86.Build.0 = Release|Any CPU
	EndGlobalSection
EndGlobal
